// !$*UTF8*$!
{
	archiveVersion = 1;
	classes = {
	};
	objectVersion = 55;
	objects = {

/* Begin PBXBuildFile section */
		8A116F5D2764BC9300256FD9 /* InterestsSheet.swift in Sources */ = {isa = PBXBuildFile; fileRef = 8A116F5C2764BC9300256FD9 /* InterestsSheet.swift */; };
		8A429DC92762208B002BFDD3 /* NC2_TappingApp.swift in Sources */ = {isa = PBXBuildFile; fileRef = 8A429DC82762208B002BFDD3 /* NC2_TappingApp.swift */; };
		8A429DCD2762208C002BFDD3 /* Assets.xcassets in Resources */ = {isa = PBXBuildFile; fileRef = 8A429DCC2762208C002BFDD3 /* Assets.xcassets */; };
		8A429DD02762208C002BFDD3 /* Preview Assets.xcassets in Resources */ = {isa = PBXBuildFile; fileRef = 8A429DCF2762208C002BFDD3 /* Preview Assets.xcassets */; };
		8A429DD7276220C7002BFDD3 /* TappingTab.swift in Sources */ = {isa = PBXBuildFile; fileRef = 8A429DD6276220C7002BFDD3 /* TappingTab.swift */; };
		8A429DD9276223E8002BFDD3 /* CardView.swift in Sources */ = {isa = PBXBuildFile; fileRef = 8A429DD8276223E8002BFDD3 /* CardView.swift */; };
		8A656CBE276280F30039F59B /* ListItem.swift in Sources */ = {isa = PBXBuildFile; fileRef = 8A656CBD276280F30039F59B /* ListItem.swift */; };
		8A76CC5E276670A5008CEF41 /* AccountButton.swift in Sources */ = {isa = PBXBuildFile; fileRef = 8A76CC5D276670A5008CEF41 /* AccountButton.swift */; };
		8A9D92EE276347DE00AF7796 /* Course.swift in Sources */ = {isa = PBXBuildFile; fileRef = 8A9D92ED276347DE00AF7796 /* Course.swift */; };
		8A9D92F1276348B200AF7796 /* Data.swift in Sources */ = {isa = PBXBuildFile; fileRef = 8A9D92F0276348B200AF7796 /* Data.swift */; };
		8A9D92F3276352E400AF7796 /* Section.swift in Sources */ = {isa = PBXBuildFile; fileRef = 8A9D92F2276352E400AF7796 /* Section.swift */; };
		8A9D92F5276373EE00AF7796 /* InterestCard.swift in Sources */ = {isa = PBXBuildFile; fileRef = 8A9D92F4276373EE00AF7796 /* InterestCard.swift */; };
		8A9D92F727639A6C00AF7796 /* Interest.swift in Sources */ = {isa = PBXBuildFile; fileRef = 8A9D92F627639A6C00AF7796 /* Interest.swift */; };
		8A9D92F92763A45600AF7796 /* CourseDetailsScreen.swift in Sources */ = {isa = PBXBuildFile; fileRef = 8A9D92F82763A45600AF7796 /* CourseDetailsScreen.swift */; };
		8AB453062763C17C00A04D3C /* DashboardTab.swift in Sources */ = {isa = PBXBuildFile; fileRef = 8AB453052763C17C00A04D3C /* DashboardTab.swift */; };
		8AB453082763C1B700A04D3C /* AudiobooksTab.swift in Sources */ = {isa = PBXBuildFile; fileRef = 8AB453072763C1B700A04D3C /* AudiobooksTab.swift */; };
		8AB4530A2763C1E500A04D3C /* ChallengesTab.swift in Sources */ = {isa = PBXBuildFile; fileRef = 8AB453092763C1E500A04D3C /* ChallengesTab.swift */; };
		8AD446D32766017E007B310D /* SearchScreen.swift in Sources */ = {isa = PBXBuildFile; fileRef = 8AD446D22766017E007B310D /* SearchScreen.swift */; };
		8AD446D527663609007B310D /* SearchCategoryButton.swift in Sources */ = {isa = PBXBuildFile; fileRef = 8AD446D427663609007B310D /* SearchCategoryButton.swift */; };
/* End PBXBuildFile section */

/* Begin PBXFileReference section */
		8A116F5C2764BC9300256FD9 /* InterestsSheet.swift */ = {isa = PBXFileReference; lastKnownFileType = sourcecode.swift; path = InterestsSheet.swift; sourceTree = "<group>"; };
		8A429DC52762208B002BFDD3 /* NC2_Tapping.app */ = {isa = PBXFileReference; explicitFileType = wrapper.application; includeInIndex = 0; path = NC2_Tapping.app; sourceTree = BUILT_PRODUCTS_DIR; };
		8A429DC82762208B002BFDD3 /* NC2_TappingApp.swift */ = {isa = PBXFileReference; lastKnownFileType = sourcecode.swift; path = NC2_TappingApp.swift; sourceTree = "<group>"; };
		8A429DCC2762208C002BFDD3 /* Assets.xcassets */ = {isa = PBXFileReference; lastKnownFileType = folder.assetcatalog; path = Assets.xcassets; sourceTree = "<group>"; };
		8A429DCF2762208C002BFDD3 /* Preview Assets.xcassets */ = {isa = PBXFileReference; lastKnownFileType = folder.assetcatalog; path = "Preview Assets.xcassets"; sourceTree = "<group>"; };
		8A429DD6276220C7002BFDD3 /* TappingTab.swift */ = {isa = PBXFileReference; lastKnownFileType = sourcecode.swift; path = TappingTab.swift; sourceTree = "<group>"; };
		8A429DD8276223E8002BFDD3 /* CardView.swift */ = {isa = PBXFileReference; lastKnownFileType = sourcecode.swift; path = CardView.swift; sourceTree = "<group>"; };
		8A656CBD276280F30039F59B /* ListItem.swift */ = {isa = PBXFileReference; lastKnownFileType = sourcecode.swift; path = ListItem.swift; sourceTree = "<group>"; };
		8A76CC5D276670A5008CEF41 /* AccountButton.swift */ = {isa = PBXFileReference; lastKnownFileType = sourcecode.swift; path = AccountButton.swift; sourceTree = "<group>"; };
		8A9D92ED276347DE00AF7796 /* Course.swift */ = {isa = PBXFileReference; lastKnownFileType = sourcecode.swift; path = Course.swift; sourceTree = "<group>"; };
		8A9D92F0276348B200AF7796 /* Data.swift */ = {isa = PBXFileReference; lastKnownFileType = sourcecode.swift; path = Data.swift; sourceTree = "<group>"; };
		8A9D92F2276352E400AF7796 /* Section.swift */ = {isa = PBXFileReference; lastKnownFileType = sourcecode.swift; path = Section.swift; sourceTree = "<group>"; };
		8A9D92F4276373EE00AF7796 /* InterestCard.swift */ = {isa = PBXFileReference; lastKnownFileType = sourcecode.swift; path = InterestCard.swift; sourceTree = "<group>"; };
		8A9D92F627639A6C00AF7796 /* Interest.swift */ = {isa = PBXFileReference; lastKnownFileType = sourcecode.swift; path = Interest.swift; sourceTree = "<group>"; };
		8A9D92F82763A45600AF7796 /* CourseDetailsScreen.swift */ = {isa = PBXFileReference; lastKnownFileType = sourcecode.swift; path = CourseDetailsScreen.swift; sourceTree = "<group>"; };
		8AB453052763C17C00A04D3C /* DashboardTab.swift */ = {isa = PBXFileReference; lastKnownFileType = sourcecode.swift; path = DashboardTab.swift; sourceTree = "<group>"; };
		8AB453072763C1B700A04D3C /* AudiobooksTab.swift */ = {isa = PBXFileReference; lastKnownFileType = sourcecode.swift; path = AudiobooksTab.swift; sourceTree = "<group>"; };
		8AB453092763C1E500A04D3C /* ChallengesTab.swift */ = {isa = PBXFileReference; lastKnownFileType = sourcecode.swift; path = ChallengesTab.swift; sourceTree = "<group>"; };
		8AD446D22766017E007B310D /* SearchScreen.swift */ = {isa = PBXFileReference; lastKnownFileType = sourcecode.swift; path = SearchScreen.swift; sourceTree = "<group>"; };
		8AD446D427663609007B310D /* SearchCategoryButton.swift */ = {isa = PBXFileReference; lastKnownFileType = sourcecode.swift; path = SearchCategoryButton.swift; sourceTree = "<group>"; };
/* End PBXFileReference section */

/* Begin PBXFrameworksBuildPhase section */
		8A429DC22762208B002BFDD3 /* Frameworks */ = {
			isa = PBXFrameworksBuildPhase;
			buildActionMask = 2147483647;
			files = (
			);
			runOnlyForDeploymentPostprocessing = 0;
		};
/* End PBXFrameworksBuildPhase section */

/* Begin PBXGroup section */
		8A429DBC2762208B002BFDD3 = {
			isa = PBXGroup;
			children = (
				8A429DC72762208B002BFDD3 /* NC2_Tapping */,
				8A429DC62762208B002BFDD3 /* Products */,
			);
			sourceTree = "<group>";
		};
		8A429DC62762208B002BFDD3 /* Products */ = {
			isa = PBXGroup;
			children = (
				8A429DC52762208B002BFDD3 /* NC2_Tapping.app */,
			);
			name = Products;
			sourceTree = "<group>";
		};
		8A429DC72762208B002BFDD3 /* NC2_Tapping */ = {
			isa = PBXGroup;
			children = (
				8A9D92EF2763489800AF7796 /* data */,
				8AB453022763C0E500A04D3C /* ui */,
				8A429DC82762208B002BFDD3 /* NC2_TappingApp.swift */,
				8A429DCC2762208C002BFDD3 /* Assets.xcassets */,
				8A429DCE2762208C002BFDD3 /* Preview Content */,
			);
			path = NC2_Tapping;
			sourceTree = "<group>";
		};
		8A429DCE2762208C002BFDD3 /* Preview Content */ = {
			isa = PBXGroup;
			children = (
				8A429DCF2762208C002BFDD3 /* Preview Assets.xcassets */,
			);
			path = "Preview Content";
			sourceTree = "<group>";
		};
		8A9D92EF2763489800AF7796 /* data */ = {
			isa = PBXGroup;
			children = (
				8A9D92ED276347DE00AF7796 /* Course.swift */,
				8A9D92F0276348B200AF7796 /* Data.swift */,
				8A9D92F2276352E400AF7796 /* Section.swift */,
				8A9D92F627639A6C00AF7796 /* Interest.swift */,
			);
			path = data;
			sourceTree = "<group>";
		};
		8AB453022763C0E500A04D3C /* ui */ = {
			isa = PBXGroup;
			children = (
				8AD446D7276638E1007B310D /* components */,
				8AD446D6276638CD007B310D /* screens */,
				8AB453032763C0EC00A04D3C /* tabs */,
			);
			path = ui;
			sourceTree = "<group>";
		};
		8AB453032763C0EC00A04D3C /* tabs */ = {
			isa = PBXGroup;
			children = (
				8A429DD6276220C7002BFDD3 /* TappingTab.swift */,
				8AB453052763C17C00A04D3C /* DashboardTab.swift */,
				8AB453072763C1B700A04D3C /* AudiobooksTab.swift */,
				8AB453092763C1E500A04D3C /* ChallengesTab.swift */,
			);
			path = tabs;
			sourceTree = "<group>";
		};
		8AD446D6276638CD007B310D /* screens */ = {
			isa = PBXGroup;
			children = (
				8A9D92F82763A45600AF7796 /* CourseDetailsScreen.swift */,
				8A116F5C2764BC9300256FD9 /* InterestsSheet.swift */,
				8AD446D22766017E007B310D /* SearchScreen.swift */,
			);
			path = screens;
			sourceTree = "<group>";
		};
		8AD446D7276638E1007B310D /* components */ = {
			isa = PBXGroup;
			children = (
				8A656CBD276280F30039F59B /* ListItem.swift */,
				8A429DD8276223E8002BFDD3 /* CardView.swift */,
				8A9D92F4276373EE00AF7796 /* InterestCard.swift */,
				8AD446D427663609007B310D /* SearchCategoryButton.swift */,
				8A76CC5D276670A5008CEF41 /* AccountButton.swift */,
			);
			path = components;
			sourceTree = "<group>";
		};
/* End PBXGroup section */

/* Begin PBXNativeTarget section */
		8A429DC42762208B002BFDD3 /* NC2_Tapping */ = {
			isa = PBXNativeTarget;
			buildConfigurationList = 8A429DD32762208C002BFDD3 /* Build configuration list for PBXNativeTarget "NC2_Tapping" */;
			buildPhases = (
				8A429DC12762208B002BFDD3 /* Sources */,
				8A429DC22762208B002BFDD3 /* Frameworks */,
				8A429DC32762208B002BFDD3 /* Resources */,
			);
			buildRules = (
			);
			dependencies = (
			);
			name = NC2_Tapping;
			productName = NC2_Tapping;
			productReference = 8A429DC52762208B002BFDD3 /* NC2_Tapping.app */;
			productType = "com.apple.product-type.application";
		};
/* End PBXNativeTarget section */

/* Begin PBXProject section */
		8A429DBD2762208B002BFDD3 /* Project object */ = {
			isa = PBXProject;
			attributes = {
				BuildIndependentTargetsInParallel = 1;
				LastSwiftUpdateCheck = 1310;
				LastUpgradeCheck = 1310;
				TargetAttributes = {
					8A429DC42762208B002BFDD3 = {
						CreatedOnToolsVersion = 13.1;
					};
				};
			};
			buildConfigurationList = 8A429DC02762208B002BFDD3 /* Build configuration list for PBXProject "NC2_Tapping" */;
			compatibilityVersion = "Xcode 13.0";
			developmentRegion = en;
			hasScannedForEncodings = 0;
			knownRegions = (
				en,
				Base,
			);
			mainGroup = 8A429DBC2762208B002BFDD3;
			productRefGroup = 8A429DC62762208B002BFDD3 /* Products */;
			projectDirPath = "";
			projectRoot = "";
			targets = (
				8A429DC42762208B002BFDD3 /* NC2_Tapping */,
			);
		};
/* End PBXProject section */

/* Begin PBXResourcesBuildPhase section */
		8A429DC32762208B002BFDD3 /* Resources */ = {
			isa = PBXResourcesBuildPhase;
			buildActionMask = 2147483647;
			files = (
				8A429DD02762208C002BFDD3 /* Preview Assets.xcassets in Resources */,
				8A429DCD2762208C002BFDD3 /* Assets.xcassets in Resources */,
			);
			runOnlyForDeploymentPostprocessing = 0;
		};
/* End PBXResourcesBuildPhase section */

/* Begin PBXSourcesBuildPhase section */
		8A429DC12762208B002BFDD3 /* Sources */ = {
			isa = PBXSourcesBuildPhase;
			buildActionMask = 2147483647;
			files = (
				8A9D92F1276348B200AF7796 /* Data.swift in Sources */,
				8A9D92EE276347DE00AF7796 /* Course.swift in Sources */,
				8A9D92F92763A45600AF7796 /* CourseDetailsScreen.swift in Sources */,
				8A656CBE276280F30039F59B /* ListItem.swift in Sources */,
				8AB453062763C17C00A04D3C /* DashboardTab.swift in Sources */,
				8AD446D527663609007B310D /* SearchCategoryButton.swift in Sources */,
				8A116F5D2764BC9300256FD9 /* InterestsSheet.swift in Sources */,
				8A9D92F727639A6C00AF7796 /* Interest.swift in Sources */,
				8A429DD7276220C7002BFDD3 /* TappingTab.swift in Sources */,
				8A76CC5E276670A5008CEF41 /* AccountButton.swift in Sources */,
				8A429DD9276223E8002BFDD3 /* CardView.swift in Sources */,
				8AB4530A2763C1E500A04D3C /* ChallengesTab.swift in Sources */,
				8A9D92F5276373EE00AF7796 /* InterestCard.swift in Sources */,
				8AD446D32766017E007B310D /* SearchScreen.swift in Sources */,
				8AB453082763C1B700A04D3C /* AudiobooksTab.swift in Sources */,
				8A429DC92762208B002BFDD3 /* NC2_TappingApp.swift in Sources */,
				8A9D92F3276352E400AF7796 /* Section.swift in Sources */,
			);
			runOnlyForDeploymentPostprocessing = 0;
		};
/* End PBXSourcesBuildPhase section */

/* Begin XCBuildConfiguration section */
		8A429DD12762208C002BFDD3 /* Debug */ = {
			isa = XCBuildConfiguration;
			buildSettings = {
				ALWAYS_SEARCH_USER_PATHS = NO;
				CLANG_ANALYZER_NONNULL = YES;
				CLANG_ANALYZER_NUMBER_OBJECT_CONVERSION = YES_AGGRESSIVE;
				CLANG_CXX_LANGUAGE_STANDARD = "gnu++17";
				CLANG_CXX_LIBRARY = "libc++";
				CLANG_ENABLE_MODULES = YES;
				CLANG_ENABLE_OBJC_ARC = YES;
				CLANG_ENABLE_OBJC_WEAK = YES;
				CLANG_WARN_BLOCK_CAPTURE_AUTORELEASING = YES;
				CLANG_WARN_BOOL_CONVERSION = YES;
				CLANG_WARN_COMMA = YES;
				CLANG_WARN_CONSTANT_CONVERSION = YES;
				CLANG_WARN_DEPRECATED_OBJC_IMPLEMENTATIONS = YES;
				CLANG_WARN_DIRECT_OBJC_ISA_USAGE = YES_ERROR;
				CLANG_WARN_DOCUMENTATION_COMMENTS = YES;
				CLANG_WARN_EMPTY_BODY = YES;
				CLANG_WARN_ENUM_CONVERSION = YES;
				CLANG_WARN_INFINITE_RECURSION = YES;
				CLANG_WARN_INT_CONVERSION = YES;
				CLANG_WARN_NON_LITERAL_NULL_CONVERSION = YES;
				CLANG_WARN_OBJC_IMPLICIT_RETAIN_SELF = YES;
				CLANG_WARN_OBJC_LITERAL_CONVERSION = YES;
				CLANG_WARN_OBJC_ROOT_CLASS = YES_ERROR;
				CLANG_WARN_QUOTED_INCLUDE_IN_FRAMEWORK_HEADER = YES;
				CLANG_WARN_RANGE_LOOP_ANALYSIS = YES;
				CLANG_WARN_STRICT_PROTOTYPES = YES;
				CLANG_WARN_SUSPICIOUS_MOVE = YES;
				CLANG_WARN_UNGUARDED_AVAILABILITY = YES_AGGRESSIVE;
				CLANG_WARN_UNREACHABLE_CODE = YES;
				CLANG_WARN__DUPLICATE_METHOD_MATCH = YES;
				COPY_PHASE_STRIP = NO;
				DEBUG_INFORMATION_FORMAT = dwarf;
				ENABLE_STRICT_OBJC_MSGSEND = YES;
				ENABLE_TESTABILITY = YES;
				GCC_C_LANGUAGE_STANDARD = gnu11;
				GCC_DYNAMIC_NO_PIC = NO;
				GCC_NO_COMMON_BLOCKS = YES;
				GCC_OPTIMIZATION_LEVEL = 0;
				GCC_PREPROCESSOR_DEFINITIONS = (
					"DEBUG=1",
					"$(inherited)",
				);
				GCC_WARN_64_TO_32_BIT_CONVERSION = YES;
				GCC_WARN_ABOUT_RETURN_TYPE = YES_ERROR;
				GCC_WARN_UNDECLARED_SELECTOR = YES;
				GCC_WARN_UNINITIALIZED_AUTOS = YES_AGGRESSIVE;
				GCC_WARN_UNUSED_FUNCTION = YES;
				GCC_WARN_UNUSED_VARIABLE = YES;
				IPHONEOS_DEPLOYMENT_TARGET = 15.0;
				MTL_ENABLE_DEBUG_INFO = INCLUDE_SOURCE;
				MTL_FAST_MATH = YES;
				ONLY_ACTIVE_ARCH = YES;
				SDKROOT = iphoneos;
				SWIFT_ACTIVE_COMPILATION_CONDITIONS = DEBUG;
				SWIFT_OPTIMIZATION_LEVEL = "-Onone";
			};
			name = Debug;
		};
		8A429DD22762208C002BFDD3 /* Release */ = {
			isa = XCBuildConfiguration;
			buildSettings = {
				ALWAYS_SEARCH_USER_PATHS = NO;
				CLANG_ANALYZER_NONNULL = YES;
				CLANG_ANALYZER_NUMBER_OBJECT_CONVERSION = YES_AGGRESSIVE;
				CLANG_CXX_LANGUAGE_STANDARD = "gnu++17";
				CLANG_CXX_LIBRARY = "libc++";
				CLANG_ENABLE_MODULES = YES;
				CLANG_ENABLE_OBJC_ARC = YES;
				CLANG_ENABLE_OBJC_WEAK = YES;
				CLANG_WARN_BLOCK_CAPTURE_AUTORELEASING = YES;
				CLANG_WARN_BOOL_CONVERSION = YES;
				CLANG_WARN_COMMA = YES;
				CLANG_WARN_CONSTANT_CONVERSION = YES;
				CLANG_WARN_DEPRECATED_OBJC_IMPLEMENTATIONS = YES;
				CLANG_WARN_DIRECT_OBJC_ISA_USAGE = YES_ERROR;
				CLANG_WARN_DOCUMENTATION_COMMENTS = YES;
				CLANG_WARN_EMPTY_BODY = YES;
				CLANG_WARN_ENUM_CONVERSION = YES;
				CLANG_WARN_INFINITE_RECURSION = YES;
				CLANG_WARN_INT_CONVERSION = YES;
				CLANG_WARN_NON_LITERAL_NULL_CONVERSION = YES;
				CLANG_WARN_OBJC_IMPLICIT_RETAIN_SELF = YES;
				CLANG_WARN_OBJC_LITERAL_CONVERSION = YES;
				CLANG_WARN_OBJC_ROOT_CLASS = YES_ERROR;
				CLANG_WARN_QUOTED_INCLUDE_IN_FRAMEWORK_HEADER = YES;
				CLANG_WARN_RANGE_LOOP_ANALYSIS = YES;
				CLANG_WARN_STRICT_PROTOTYPES = YES;
				CLANG_WARN_SUSPICIOUS_MOVE = YES;
				CLANG_WARN_UNGUARDED_AVAILABILITY = YES_AGGRESSIVE;
				CLANG_WARN_UNREACHABLE_CODE = YES;
				CLANG_WARN__DUPLICATE_METHOD_MATCH = YES;
				COPY_PHASE_STRIP = NO;
				DEBUG_INFORMATION_FORMAT = "dwarf-with-dsym";
				ENABLE_NS_ASSERTIONS = NO;
				ENABLE_STRICT_OBJC_MSGSEND = YES;
				GCC_C_LANGUAGE_STANDARD = gnu11;
				GCC_NO_COMMON_BLOCKS = YES;
				GCC_WARN_64_TO_32_BIT_CONVERSION = YES;
				GCC_WARN_ABOUT_RETURN_TYPE = YES_ERROR;
				GCC_WARN_UNDECLARED_SELECTOR = YES;
				GCC_WARN_UNINITIALIZED_AUTOS = YES_AGGRESSIVE;
				GCC_WARN_UNUSED_FUNCTION = YES;
				GCC_WARN_UNUSED_VARIABLE = YES;
				IPHONEOS_DEPLOYMENT_TARGET = 15.0;
				MTL_ENABLE_DEBUG_INFO = NO;
				MTL_FAST_MATH = YES;
				SDKROOT = iphoneos;
				SWIFT_COMPILATION_MODE = wholemodule;
				SWIFT_OPTIMIZATION_LEVEL = "-O";
				VALIDATE_PRODUCT = YES;
			};
			name = Release;
		};
		8A429DD42762208C002BFDD3 /* Debug */ = {
			isa = XCBuildConfiguration;
			buildSettings = {
				ASSETCATALOG_COMPILER_APPICON_NAME = AppIcon;
				ASSETCATALOG_COMPILER_GLOBAL_ACCENT_COLOR_NAME = AccentColor;
				CODE_SIGN_STYLE = Automatic;
				CURRENT_PROJECT_VERSION = 1;
				DEVELOPMENT_ASSET_PATHS = "\"NC2_Tapping/Preview Content\"";
				DEVELOPMENT_TEAM = TXNRGR8ZG5;
				ENABLE_PREVIEWS = YES;
				GENERATE_INFOPLIST_FILE = YES;
				INFOPLIST_KEY_UIApplicationSceneManifest_Generation = YES;
				INFOPLIST_KEY_UIApplicationSupportsIndirectInputEvents = YES;
				INFOPLIST_KEY_UILaunchScreen_Generation = YES;
				INFOPLIST_KEY_UISupportedInterfaceOrientations_iPad = "UIInterfaceOrientationPortrait UIInterfaceOrientationPortraitUpsideDown UIInterfaceOrientationLandscapeLeft UIInterfaceOrientationLandscapeRight";
				INFOPLIST_KEY_UISupportedInterfaceOrientations_iPhone = "UIInterfaceOrientationPortrait UIInterfaceOrientationLandscapeLeft UIInterfaceOrientationLandscapeRight";
				LD_RUNPATH_SEARCH_PATHS = (
					"$(inherited)",
					"@executable_path/Frameworks",
				);
				MARKETING_VERSION = 1.0;
				PRODUCT_BUNDLE_IDENTIFIER = "eu.seldon1000.NC2-Tapping";
				PRODUCT_NAME = "$(TARGET_NAME)";
				SWIFT_EMIT_LOC_STRINGS = YES;
				SWIFT_VERSION = 5.0;
				TARGETED_DEVICE_FAMILY = "1,2";
			};
			name = Debug;
		};
		8A429DD52762208C002BFDD3 /* Release */ = {
			isa = XCBuildConfiguration;
			buildSettings = {
				ASSETCATALOG_COMPILER_APPICON_NAME = AppIcon;
				ASSETCATALOG_COMPILER_GLOBAL_ACCENT_COLOR_NAME = AccentColor;
				CODE_SIGN_STYLE = Automatic;
				CURRENT_PROJECT_VERSION = 1;
				DEVELOPMENT_ASSET_PATHS = "\"NC2_Tapping/Preview Content\"";
				DEVELOPMENT_TEAM = TXNRGR8ZG5;
				ENABLE_PREVIEWS = YES;
				GENERATE_INFOPLIST_FILE = YES;
				INFOPLIST_KEY_UIApplicationSceneManifest_Generation = YES;
				INFOPLIST_KEY_UIApplicationSupportsIndirectInputEvents = YES;
				INFOPLIST_KEY_UILaunchScreen_Generation = YES;
				INFOPLIST_KEY_UISupportedInterfaceOrientations_iPad = "UIInterfaceOrientationPortrait UIInterfaceOrientationPortraitUpsideDown UIInterfaceOrientationLandscapeLeft UIInterfaceOrientationLandscapeRight";
				INFOPLIST_KEY_UISupportedInterfaceOrientations_iPhone = "UIInterfaceOrientationPortrait UIInterfaceOrientationLandscapeLeft UIInterfaceOrientationLandscapeRight";
				LD_RUNPATH_SEARCH_PATHS = (
					"$(inherited)",
					"@executable_path/Frameworks",
				);
				MARKETING_VERSION = 1.0;
				PRODUCT_BUNDLE_IDENTIFIER = "eu.seldon1000.NC2-Tapping";
				PRODUCT_NAME = "$(TARGET_NAME)";
				SWIFT_EMIT_LOC_STRINGS = YES;
				SWIFT_VERSION = 5.0;
				TARGETED_DEVICE_FAMILY = "1,2";
			};
			name = Release;
		};
/* End XCBuildConfiguration section */

/* Begin XCConfigurationList section */
		8A429DC02762208B002BFDD3 /* Build configuration list for PBXProject "NC2_Tapping" */ = {
			isa = XCConfigurationList;
			buildConfigurations = (
				8A429DD12762208C002BFDD3 /* Debug */,
				8A429DD22762208C002BFDD3 /* Release */,
			);
			defaultConfigurationIsVisible = 0;
			defaultConfigurationName = Release;
		};
		8A429DD32762208C002BFDD3 /* Build configuration list for PBXNativeTarget "NC2_Tapping" */ = {
			isa = XCConfigurationList;
			buildConfigurations = (
				8A429DD42762208C002BFDD3 /* Debug */,
				8A429DD52762208C002BFDD3 /* Release */,
			);
			defaultConfigurationIsVisible = 0;
			defaultConfigurationName = Release;
		};
/* End XCConfigurationList section */
	};
	rootObject = 8A429DBD2762208B002BFDD3 /* Project object */;
}
